lockfileVersion: '9.0'

settings:
  autoInstallPeers: true
  excludeLinksFromLockfile: false

importers:

  .:
    dependencies:
      '@deepseek-ai/dsh-util-values':
        specifier: 0.2.0-rc.2
        version: 0.2.0-rc.2(@deepseek-ai/cordis@4.0.4)
      canonicalize:
        specifier: 2.1.0
        version: 2.1.0
    devDependencies:
      '@deepseek-ai/cordis':
        specifier: 4.0.4
        version: 4.0.4
      '@deepseek-ai/dsh-agent':
        specifier: 0.2.0-rc.2
        version: 0.2.0-rc.2(b872d4d836bb263e5b3a50782f98c977)
      '@deepseek-ai/dsh-agent-loop':
        specifier: 0.2.0-rc.2
        version: 0.2.0-rc.2(c47258f3b7a14cf357cbffd5a60d7454)
      '@deepseek-ai/dsh-brand':
        specifier: 0.2.0-rc.2
        version: 0.2.0-rc.2(@deepseek-ai/cordis@4.0.4)
      '@deepseek-ai/dsh-llm':
        specifier: 0.2.0-rc.2
        version: 0.2.0-rc.2(@deepseek-ai/cordis@4.0.4)
      '@deepseek-ai/dsh-session':
        specifier: 0.2.0-rc.2
        version: 0.2.0-rc.2(@deepseek-ai/cordis@4.0.4)(@deepseek-ai/dsh-scope@0.2.0-rc.2(@deepseek-ai/cordis@4.0.4)(@deepseek-ai/dsh-invariants@0.2.0-rc.2(@deepseek-ai/cordis@4.0.4)))
      '@deepseek-ai/dsh-session-projection':
        specifier: 0.2.0-rc.2
        version: 0.2.0-rc.2(@deepseek-ai/cordis@4.0.4)(@deepseek-ai/dsh-session@0.2.0-rc.2(@deepseek-ai/cordis@4.0.4)(@deepseek-ai/dsh-scope@0.2.0-rc.2(@deepseek-ai/cordis@4.0.4)(@deepseek-ai/dsh-invariants@0.2.0-rc.2(@deepseek-ai/cordis@4.0.4))))
      '@deepseek-ai/dsh-system-prompt':
        specifier: 0.2.0-rc.2
        version: 0.2.0-rc.2(@deepseek-ai/cordis@4.0.4)(@deepseek-ai/dsh-invariants@0.2.0-rc.2(@deepseek-ai/cordis@4.0.4))(@deepseek-ai/dsh-llm@0.2.0-rc.2(@deepseek-ai/cordis@4.0.4))(@deepseek-ai/dsh-scope@0.2.0-rc.2(@deepseek-ai/cordis@4.0.4)(@deepseek-ai/dsh-invariants@0.2.0-rc.2(@deepseek-ai/cordis@4.0.4)))
      '@deepseek-ai/dsh-tools':
        specifier: 0.2.0-rc.2
        version: 0.2.0-rc.2(c6e351a6a6cfd1c2a664558bffcd410d)
      '@types/node':
        specifier: ^24.0.0
        version: 24.19.0
      tsx:
        specifier: ^4.20.0
        version: 4.23.15
      typescript:
        specifier: ^5.9.0
        version: 5.9.3

packages:

  '@deepseek-ai/cordis@4.0.4':
    resolution: {integrity: sha512-obgyxqWAmFn3Re8kvsuUnyW+ihrz6eJCnJO4fh1cQzDtmPYz/zzVeUkH9R94I0OwSVOocK67Kgakm04j/oQXzg==}
    hasBin: true
    peerDependencies:
      '@deepseek-ai/cordis-plugin-include': ~1.0.9
      '@deepseek-ai/cordis-plugin-loader': ~1.0.5
    peerDependenciesMeta:
      '@deepseek-ai/cordis-plugin-include':
        optional: true
      '@deepseek-ai/cordis-plugin-loader':
        optional: true

  '@deepseek-ai/cosmokit@1.8.5':
    resolution: {integrity: sha512-LXsrlem9z8dq4sLflj2yuCuYX7KqhdzF5hZly3eZyuTo8d6oDSOXuEgC5DbQWKW+lksm6zmOutQLsP/ma6wR6A==}

  '@deepseek-ai/dsh-agent-loop@0.2.0-rc.2':
    resolution: {integrity: sha512-Ayi1L7s1LIJAq3iCCRFDCGM9Y2lriGlV6nblIYXhKrq+J8bUFQtOdfBYNE1N39WcYb3CwSvTNHDtzZ4oW6MZ6A==}
    peerDependencies:
      '@deepseek-ai/cordis': ~4.0.4
      '@deepseek-ai/dsh-agent': 0.2.0-rc.2
      '@deepseek-ai/dsh-invariants': 0.2.0-rc.2
      '@deepseek-ai/dsh-llm': 0.2.0-rc.2
      '@deepseek-ai/dsh-scope': 0.2.0-rc.2
      '@deepseek-ai/dsh-session': 0.2.0-rc.2
      '@deepseek-ai/dsh-session-persistence': 0.2.0-rc.2
      '@deepseek-ai/dsh-session-projection': 0.2.0-rc.2
      '@deepseek-ai/dsh-system-prompt': 0.2.0-rc.2
      '@deepseek-ai/dsh-tools': 0.2.0-rc.2

  '@deepseek-ai/dsh-agent@0.2.0-rc.2':
    resolution: {integrity: sha512-CUkbU+c1G0ETXkpoLkpAFo5midz66FQGtlgQOP9pzvU9H3zJQVl4H5LrhhGVbEXKLFgdbtQiOynEW8hpWn3y0Q==}
    peerDependencies:
      '@deepseek-ai/cordis': ~4.0.4
      '@deepseek-ai/dsh-invariants': 0.2.0-rc.2
      '@deepseek-ai/dsh-llm': 0.2.0-rc.2
      '@deepseek-ai/dsh-scope': 0.2.0-rc.2
      '@deepseek-ai/dsh-session': 0.2.0-rc.2
      '@deepseek-ai/dsh-session-projection': 0.2.0-rc.2
      '@deepseek-ai/dsh-system-prompt': 0.2.0-rc.2
      '@deepseek-ai/dsh-typert-protocol': 0.2.0-rc.2
      '@deepseek-ai/dsh-util-values': 0.2.0-rc.2
      '@deepseek-ai/dsh-workspace': 0.2.0-rc.2
    peerDependenciesMeta:
      '@deepseek-ai/dsh-workspace':
        optional: true

  '@deepseek-ai/dsh-brand@0.2.0-rc.2':
    resolution: {integrity: sha512-A5XlN4tIgP0qObkYFhcZ7Oz/tM2oESEZqLwS0Qq+sM1ivGx6o4AMPgJdfKQlwLzqk0cMLNtAaVBHfiYoElt4lw==}
    peerDependencies:
      '@deepseek-ai/cordis': ~4.0.4

  '@deepseek-ai/dsh-invariants@0.2.0-rc.2':
    resolution: {integrity: sha512-QOVc0HpRsS8ekvprb45FlxieDvgR/cAMaxW289HASjMoV/U/B54FpbkHuPBw4EnTw07/sPkjx2B/23+YqE0cbg==}
    peerDependencies:
      '@deepseek-ai/cordis': ~4.0.4

  '@deepseek-ai/dsh-llm@0.2.0-rc.2':
    resolution: {integrity: sha512-6QFrQn/h0iNqCfPpgQidnHtLSpA99A7ZND/uYKaGSd/4BGP8KBhuRd0w63e9s4u+hfW8jc3j29WKcNLIOeUfcA==}
    peerDependencies:
      '@deepseek-ai/cordis': ~4.0.4

  '@deepseek-ai/dsh-ptc-runtime@0.2.0-rc.2':
    resolution: {integrity: sha512-HR/3h1VFRcNlAAjCtCAxZ4V3F5pViYicXcLBuYLGjzXWpOhr4zKzeFKh9+UMLjsc9XWIarJMoSvxl662nDV/xQ==}
    peerDependencies:
      '@deepseek-ai/cordis': ~4.0.4
      '@deepseek-ai/dsh-sandbox': 0.2.0-rc.2

  '@deepseek-ai/dsh-sandbox-policy@0.2.0-rc.2':
    resolution: {integrity: sha512-0xXVqWw908/V6scohMyyU9SZSiQJYji+S1hMPulcUNLb3iew89d+WPWMIkWQBJRvcJzdQ2ghHwCESRkONXTJnQ==}
    peerDependencies:
      '@deepseek-ai/cordis': ~4.0.4
      '@deepseek-ai/dsh-agent': 0.2.0-rc.2
      '@deepseek-ai/dsh-invariants': 0.2.0-rc.2
      '@deepseek-ai/dsh-sandbox': 0.2.0-rc.2
      '@deepseek-ai/dsh-session': 0.2.0-rc.2
      '@deepseek-ai/dsh-session-projection': 0.2.0-rc.2
      '@deepseek-ai/dsh-system-prompt': 0.2.0-rc.2

  '@deepseek-ai/dsh-sandbox@0.2.0-rc.2':
    resolution: {integrity: sha512-luKF7ey6HRZkGhImqLCB5Npt4f4omDRk1r+x5qQNqqdNOuN9LXciKDMNPfnSbHfKCcqSZbH3sK+APOmKzRAhVA==}
    peerDependencies:
      '@deepseek-ai/cordis': ~4.0.4
      '@deepseek-ai/dsh-llm': 0.2.0-rc.2
      '@deepseek-ai/dsh-session': 0.2.0-rc.2

  '@deepseek-ai/dsh-scope@0.2.0-rc.2':
    resolution: {integrity: sha512-066p7Wv74GNWt4xA5Cyvl+7c/i9KrNEDALYh2/hu0VsJPLb4T9He+TY7y1bld9OgungmqyTy1n/cB2ZrVskvxA==}
    peerDependencies:
      '@deepseek-ai/cordis': ~4.0.4
      '@deepseek-ai/dsh-invariants': 0.2.0-rc.2

  '@deepseek-ai/dsh-session-persistence@0.2.0-rc.2':
    resolution: {integrity: sha512-2OoRHZYWi5Vy0+1bPU37Y/NTh6uQiZ3VdpvDmW1oCgsapQr2JS/Lbody1gXOMJ1KXglCSLmePgTMC00uKw/UIg==}
    peerDependencies:
      '@deepseek-ai/cordis': ~4.0.4
      '@deepseek-ai/dsh-brand': 0.2.0-rc.2
      '@deepseek-ai/dsh-session': 0.2.0-rc.2
      '@deepseek-ai/dsh-timeout': 0.2.0-rc.2

  '@deepseek-ai/dsh-session-projection@0.2.0-rc.2':
    resolution: {integrity: sha512-caJ+XGjmR8ouws0LrvuXrabrzi21akB2l8CniUHdx4IpT6GkLapFYlWLbjZlDYqEWB3ktR+q32nxW2s+f27GSA==}
    peerDependencies:
      '@deepseek-ai/cordis': ~4.0.4
      '@deepseek-ai/dsh-session': 0.2.0-rc.2

  '@deepseek-ai/dsh-session@0.2.0-rc.2':
    resolution: {integrity: sha512-wj+6MeqCYbDcbEvKH3puHyEGdjyu51JwBoN6Ua2tz6griLufDgLM5HpSU40L5xgpbOfrYVhXZs4vRgOrMlFY2g==}
    peerDependencies:
      '@deepseek-ai/cordis': ~4.0.4
      '@deepseek-ai/dsh-scope': 0.2.0-rc.2

  '@deepseek-ai/dsh-system-prompt@0.2.0-rc.2':
    resolution: {integrity: sha512-ZZNk2gkXFV8CIT0IOZXS+pFaxNVJaRknYyH2vc4ZgZAiHKT+RqUYNr8e1F5Kp0AaN0DNlcTkjOGP5MCxeXfDjg==}
    peerDependencies:
      '@deepseek-ai/cordis': ~4.0.4
      '@deepseek-ai/dsh-invariants': 0.2.0-rc.2
      '@deepseek-ai/dsh-llm': 0.2.0-rc.2
      '@deepseek-ai/dsh-scope': 0.2.0-rc.2

  '@deepseek-ai/dsh-timeout@0.2.0-rc.2':
    resolution: {integrity: sha512-NDob8b8DJDB/sDPz3P7xhrkxOh1O9FbN1EZRKsxP4fuTfp4hrQU7aekYS5qZENFKoR8dBJMTh/zcEBw4m31glQ==}
    peerDependencies:
      '@deepseek-ai/cordis': ~4.0.4

  '@deepseek-ai/dsh-tools@0.2.0-rc.2':
    resolution: {integrity: sha512-vquUz8PjHWE4zaS3wH70IpYjL441p2UlUcG8TN2yJZN1RhDkuiHum4bWCsjEPyWLS/aB1QJvzdXC2EK/PRkbsQ==}
    peerDependencies:
      '@deepseek-ai/cordis': ~4.0.4
      '@deepseek-ai/dsh-agent': 0.2.0-rc.2
      '@deepseek-ai/dsh-invariants': 0.2.0-rc.2
      '@deepseek-ai/dsh-llm': 0.2.0-rc.2
      '@deepseek-ai/dsh-ptc-runtime': 0.2.0-rc.2
      '@deepseek-ai/dsh-sandbox': 0.2.0-rc.2
      '@deepseek-ai/dsh-sandbox-policy': 0.2.0-rc.2
      '@deepseek-ai/dsh-scope': 0.2.0-rc.2
      '@deepseek-ai/dsh-session': 0.2.0-rc.2
      '@deepseek-ai/dsh-system-prompt': 0.2.0-rc.2
      '@deepseek-ai/dsh-user-approval': 0.2.0-rc.2

  '@deepseek-ai/dsh-typert-protocol@0.2.0-rc.2':
    resolution: {integrity: sha512-95RvIDcVac2BWdv1IxN6yKlRV+8eEvkofqSxV+d0r8x1kx2EIWEsbdxz6C+coYIm+8e03MiN+rwOt8J7sLfe7Q==}
    peerDependencies:
      '@deepseek-ai/cordis': ~4.0.4

  '@deepseek-ai/dsh-user-approval@0.2.0-rc.2':
    resolution: {integrity: sha512-fZMfDp4IeWZMwAKEQkuAYCiGRrwoVWNObvAbpdmQNUavjfYCtwwduWqYQz+5lMQq8vENdczBj7cxnO/pOQ1oZQ==}
    peerDependencies:
      '@deepseek-ai/cordis': ~4.0.4
      '@deepseek-ai/dsh-agent': 0.2.0-rc.2
      '@deepseek-ai/dsh-brand': 0.2.0-rc.2
      '@deepseek-ai/dsh-invariants': 0.2.0-rc.2
      '@deepseek-ai/dsh-llm': 0.2.0-rc.2
      '@deepseek-ai/dsh-scope': 0.2.0-rc.2
      '@deepseek-ai/dsh-session': 0.2.0-rc.2
      '@deepseek-ai/dsh-system-prompt': 0.2.0-rc.2

  '@deepseek-ai/dsh-util-crypto@0.2.0-rc.2':
    resolution: {integrity: sha512-5OvvmepY69uXTagUMlnoHqg7euI4ZMifLgfdV8xZO20OslWGGiRCkJbZRyDtcJG9GsXWz9UimfWmUu52zKXJ5w==}
    peerDependencies:
      '@deepseek-ai/cordis': ~4.0.4

  '@deepseek-ai/dsh-util-values@0.2.0-rc.2':
    resolution: {integrity: sha512-qgpsbgiZABuE9UvgNaVo9b2HiWwLeU93CTl9PFXqE0jN8ap1ALxzQsLGvr/q2MJuWDYqnFBg60XnqnY8ZxPWEg==}
    peerDependencies:
      '@deepseek-ai/cordis': ~4.0.4

  '@deepseek-ai/schemastery@3.18.4':
    resolution: {integrity: sha512-SSXO6tYuyrIqKVbmOnIq0s+riUywYzouFMcnBluHF9n4KMo2G8HvEzhCYj6pj2617/glOjbJuVInJ9hfONsjkg==}

  '@esbuild/aix-ppc64@0.28.2':
    resolution: {integrity: sha512-XExcO+dvLKvVtNTibSTBej1NCAbaGhWn9Ww1ZPx80qsahhPFe/8jgWP0IchNe0F3HwkU7n8ejhH8bjonqht8mQ==}
    engines: {node: '>=18'}
    cpu: [ppc64]
    os: [aix]

  '@esbuild/android-arm64@0.28.2':
    resolution: {integrity: sha512-5YfKeeI8qWfBZIX+u2xZC3Zlb3Os/gLS2sbEKM+I4ZOcsWmHS2WLysCcQZDAFRslDUU5Oiq44gf6PYN1vGwG5A==}
    engines: {node: '>=18'}
    cpu: [arm64]
    os: [android]

  '@esbuild/android-arm@0.28.2':
    resolution: {integrity: sha512-kXXoiPVVGQcnIYGOeaovwOURpniDBpSq4A03qkQ+BMQqtGG6HYap3xne9C1O1yo4TR3qxlCX5IqqmX6fFo2Lqg==}
    engines: {node: '>=18'}
    cpu: [arm]
    os: [android]

  '@esbuild/android-x64@0.28.2':
    resolution: {integrity: sha512-O387ite7SzUyCcy3JQX4P4bLtEA7bLLkx+esve5JHnyYfNTxcVpXZo9jhdB0lTKN44gztELTdU7nS8Nr16Fs1Q==}
    engines: {node: '>=18'}
    cpu: [x64]
    os: [android]

  '@esbuild/darwin-arm64@0.28.2':
    resolution: {integrity: sha512-n4KqkOQrraxHJcgjM1RvwbigfQKIKJVpM7xp+KsxiyUSrRdIXnt73VhrPAx0fV44hgfmIVKjxMN9J1t5jySVkw==}
    engines: {node: '>=18'}
    cpu: [arm64]
    os: [darwin]

  '@esbuild/darwin-x64@0.28.2':
    resolution: {integrity: sha512-uq6suIWYP37qzGddBKPw5QEQPi6HiLGsO7UmkpfyaYNQ3D+rN6w6WfwH+nuqcGXWvawGwxOEroO4YGnFh95azw==}
    engines: {node: '>=18'}
    cpu: [x64]
    os: [darwin]

  '@esbuild/freebsd-arm64@0.28.2':
    resolution: {integrity: sha512-n+I0BTSRIoy+d6RPKnEVwql5UwBJolytvY4mAOIEJorKlqgPII8ix6slVVrfZ5Tnj7glIZvloylbB/EJPMWEXw==}
    engines: {node: '>=18'}
    cpu: [arm64]
    os: [freebsd]

  '@esbuild/freebsd-x64@0.28.2':
    resolution: {integrity: sha512-78XJTJkvPs0kz2w61301PJjXl4g7q3JqiYMZ/M/yVI73EHBrCRTgkhu9oqG7vPqq+a/yadEW8aD+agKlk5xrmg==}
    engines: {node: '>=18'}
    cpu: [x64]
    os: [freebsd]

  '@esbuild/linux-arm64@0.28.2':
    resolution: {integrity: sha512-pW4AC0P3it8c7do9MVM4p51FzHzdM/TZrerurgRcHJ2WTa1VQ1CIq18xncfpBJw4ojkiZZrKW2yIBWBP92j6Ug==}
    engines: {node: '>=18'}
    cpu: [arm64]
    os: [linux]

  '@esbuild/linux-arm@0.28.2':
    resolution: {integrity: sha512-XlDnu2q5yoqems+xay6wSAcg9DDD7K9RLKZEBOMZm3ckNpJBvOX20tSfby8KfrrhINDyv9V2YVZKY/SpoGJI8w==}
    engines: {node: '>=18'}
    cpu: [arm]
    os: [linux]

  '@esbuild/linux-ia32@0.28.2':
    resolution: {integrity: sha512-CYbnj78HsIeA+DhgUKgFCfvNsTHFhMMrinUrMZpDXJXKN8T3XViTZ/+wtHeVxEWY8ewSzTFN+nRmSwO2tZaLUQ==}
    engines: {node: '>=18'}
    cpu: [ia32]
    os: [linux]

  '@esbuild/linux-loong64@0.28.2':
    resolution: {integrity: sha512-buwkd8nsph4R+ajRvw0qM5Hja/TXQow3ptzWO2EbG/cqcIkHloRrdlBtQlshyYGTNFvfkfJ5tpPLVkY4DtsPfQ==}
    engines: {node: '>=18'}
    cpu: [loong64]
    os: [linux]

  '@esbuild/linux-mips64el@0.28.2':
    resolution: {integrity: sha512-ZVykbDyk7519VwiNb9Lcj9m8XM6v5V9uKPvrEMkkEedVewf+0itkhahp4HDpgERXhwLRpWFypsGbG/J8s0QjJA==}
    engines: {node: '>=18'}
    cpu: [mips64el]
    os: [linux]

  '@esbuild/linux-ppc64@0.28.2':
    resolution: {integrity: sha512-CAXl+Dtd9UUuJd8pKKdwh6MLm3MUMiqMPmhZ3tTSXPqfyQ3vDl6R5hZdZ/kYojK4ofXtdfSv1tFq8XzWx3heNQ==}
    engines: {node: '>=18'}
    cpu: [ppc64]
    os: [linux]

  '@esbuild/linux-riscv64@0.28.2':
    resolution: {integrity: sha512-GeXCej4IQtU1B+QlDV8W/RRvbzI3O/Stss+/bCXv4lZls5WGRtu2a+3JkA3i4qIUlMXpcHebWpF8AkJhATowuA==}
    engines: {node: '>=18'}
    cpu: [riscv64]
    os: [linux]

  '@esbuild/linux-s390x@0.28.2':
    resolution: {integrity: sha512-3H1weTYZPxt/WOhByszQZybS9w5lKzUn1FDMsgEChbHWQwHYQQRfBxgCcZvPhjHfKyJjIievvMmEUawJrdY9Dg==}
    engines: {node: '>=18'}
    cpu: [s390x]
    os: [linux]

  '@esbuild/linux-x64@0.28.2':
    resolution: {integrity: sha512-4xTZr1FUmSoQW4XIWmit3tzQrUTZM+N3P0XV8xROKYF50XfI7xeO90+1bZvNwxIufQ9hDQVRJH5YhgPVF8A/HQ==}
    engines: {node: '>=18'}
    cpu: [x64]
    os: [linux]

  '@esbuild/netbsd-arm64@0.28.2':
    resolution: {integrity: sha512-sSATRjPeDBg3pdgHoQfoYBob11Kk1FGa9lui5RIHZCoCkJa9QKlvl3/vKz2usCmYYjs7ymJR/2Nnsqe+Hjt5nw==}
    engines: {node: '>=18'}
    cpu: [arm64]
    os: [netbsd]

  '@esbuild/netbsd-x64@0.28.2':
    resolution: {integrity: sha512-lqnzCV+mM0gIADaKihiCg6ifgfU2L3h5E33rNQBN1Y4MaVGnzryzmvvf7UHxprpQdE8hpqLolJ9Rl+SkIRDpyw==}
    engines: {node: '>=18'}
    cpu: [x64]
    os: [netbsd]

  '@esbuild/openbsd-arm64@0.28.2':
    resolution: {integrity: sha512-AL2qJILH7lNjrDmCQDvdxMfAUIv8KMNZOvrwAQ8i8//ntL9FflhOyMJ8OZSMBb8/AWXe3/5v5S20y3zCoZWKoQ==}
    engines: {node: '>=18'}
    cpu: [arm64]
    os: [openbsd]

  '@esbuild/openbsd-x64@0.28.2':
    resolution: {integrity: sha512-QtiuPytchRyC4rwUKhexJdQKvDuZ6hWloi3igqPQNUJCS1/v9EiO3UTOXR6A3FoMo4fnAKbWJdqaIwhOzh8qEw==}
    engines: {node: '>=18'}
    cpu: [x64]
    os: [openbsd]

  '@esbuild/openharmony-arm64@0.28.2':
    resolution: {integrity: sha512-WkhYDmpTjLvGlScA1rwjRUmhl4k8oXR3cIbtqWmELgU/dFeHHlEllxDvdWcNJV9rbzCexB5vz8gtNewWLgCT7Q==}
    engines: {node: '>=18'}
    cpu: [arm64]
    os: [openharmony]

  '@esbuild/sunos-x64@0.28.2':
    resolution: {integrity: sha512-GPMSkTOtMnv2U2F8gxe4Io6qmVs+YKyp832Etqqxr0hFngmXQ3rzwytelm3GIn7T4VviRUlf3sOgBOiTdvaf7g==}
    engines: {node: '>=18'}
    cpu: [x64]
    os: [sunos]

  '@esbuild/win32-arm64@0.28.2':
    resolution: {integrity: sha512-PIhhEkE9uPBleRBrQEJpUn7MBnibZzbGzYWPmY3x+YoVg/95zbjB4CxPPOQ8l5tYYM4mMaCthF8/1DIfBQQyWQ==}
    engines: {node: '>=18'}
    cpu: [arm64]
    os: [win32]

  '@esbuild/win32-ia32@0.28.2':
    resolution: {integrity: sha512-YmJbfTlvU7Sdn9BB+4PRES4oB6pxgS37MAONj+hBr/cpXS1aBPKXxNnDbu+QCWPj0o9dgyxeq79g6c5P8KeuYA==}
    engines: {node: '>=18'}
    cpu: [ia32]
    os: [win32]

  '@esbuild/win32-x64@0.28.2':
    resolution: {integrity: sha512-5ebpxr3nWMzrL/rnUI755Jkuee0bHL/Gq0WTF9lvcpv73wAp5eu8MfBUgWK9bhWvZjj7yX8etf/8tI8Ney695g==}
    engines: {node: '>=18'}
    cpu: [x64]
    os: [win32]

  '@standard-schema/spec@1.1.0':
    resolution: {integrity: sha512-l2aFy5jALhniG5HgqrD6jXLi/rUWrKvqN/qJx6yoJsgKhblVd+iqqU4RCXavm/jPityDo5TCvKMnpjKnOriy0w==}

  '@types/node@24.19.0':
    resolution: {integrity: sha512-zY+5tKxXdhGh1PYI0ac+7juvEu4OI6vWtVVoj5i2m42jxAY1U+zHGt6QCyOFwykdP62sM3MJ9stoYYUw5aCWew==}

  canonicalize@2.1.0:
    resolution: {integrity: sha512-F705O3xrsUtgt98j7leetNhTWPe+5S72rlL5O4jA1pKqBVQ/dT1O1D6PFxmSXvc0SUOinWS57DKx0I3CHrXJHQ==}
    hasBin: true

  esbuild@0.28.2:
    resolution: {integrity: sha512-HKVLS8dvII+xoKW9kmqxbRKrnWEXfJJr/FZhhJmiqIB0e053QNYFqOBouTMO/k5sID4MvCiUCvv8b9M4h32wIA==}
    engines: {node: '>=18'}
    hasBin: true

  fsevents@2.3.3:
    resolution: {integrity: sha512-5xoDfX+fL7faATnagmWPpbFtwh/R77WmMMqqHGS65C3vvB0YHrgF+B1YmZ3441tMj5n63k0212XNoJwzlhffQw==}
    engines: {node: ^8.16.0 || ^10.6.0 || >=11.0.0}
    os: [darwin]

  tsx@4.23.15:
    resolution: {integrity: sha512-Yiex1Ovn8z2xPpOWckIiysV1SSyRMY9BkLF++q0yKiDxCqRhosKfMg3janKkiLBwZ5c/YryloKwGZcrEmtwxKw==}
    engines: {node: '>=18.0.0'}
    hasBin: true

  typescript@5.9.3:
    resolution: {integrity: sha512-jl1vZzPDinLr9eUt3J/t7V6FgNEw9QjvBPdysz9KfQDD41fQrC2Y4vKQdiaUpFT4bXlb1RHhLpp8wtm6M5TgSw==}
    engines: {node: '>=14.17'}
    hasBin: true

  undici-types@7.24.6:
    resolution: {integrity: sha512-WRNW+sJgj5OBN4/0JpHFqtqzhpbnV0GuB+OozA9gCL7a993SmU+1JBZCzLNxYsbMfIeDL+lTsphD5jN5N+n0zg==}

  zod@4.6.5:
    resolution: {integrity: sha512-v5l/aFXZQeai4awLbOpSoHecE9UiMrnfx75tEXLjNonXVARxQ5mOeipTjROUchszUNCqnE+hqAMujRsRHsut2Q==}

snapshots:

  '@deepseek-ai/cordis@4.0.4':
    dependencies:
      '@deepseek-ai/cosmokit': 1.8.5
      '@standard-schema/spec': 1.1.0

  '@deepseek-ai/cosmokit@1.8.5': {}

  '@deepseek-ai/dsh-agent-loop@0.2.0-rc.2(c47258f3b7a14cf357cbffd5a60d7454)':
    dependencies:
      '@deepseek-ai/cordis': 4.0.4
      '@deepseek-ai/dsh-agent': 0.2.0-rc.2(b872d4d836bb263e5b3a50782f98c977)
      '@deepseek-ai/dsh-brand': 0.2.0-rc.2(@deepseek-ai/cordis@4.0.4)
      '@deepseek-ai/dsh-invariants': 0.2.0-rc.2(@deepseek-ai/cordis@4.0.4)
      '@deepseek-ai/dsh-llm': 0.2.0-rc.2(@deepseek-ai/cordis@4.0.4)
      '@deepseek-ai/dsh-scope': 0.2.0-rc.2(@deepseek-ai/cordis@4.0.4)(@deepseek-ai/dsh-invariants@0.2.0-rc.2(@deepseek-ai/cordis@4.0.4))
      '@deepseek-ai/dsh-session': 0.2.0-rc.2(@deepseek-ai/cordis@4.0.4)(@deepseek-ai/dsh-scope@0.2.0-rc.2(@deepseek-ai/cordis@4.0.4)(@deepseek-ai/dsh-invariants@0.2.0-rc.2(@deepseek-ai/cordis@4.0.4)))
      '@deepseek-ai/dsh-session-persistence': 0.2.0-rc.2(@deepseek-ai/cordis@4.0.4)(@deepseek-ai/dsh-brand@0.2.0-rc.2(@deepseek-ai/cordis@4.0.4))(@deepseek-ai/dsh-session@0.2.0-rc.2(@deepseek-ai/cordis@4.0.4)(@deepseek-ai/dsh-scope@0.2.0-rc.2(@deepseek-ai/cordis@4.0.4)(@deepseek-ai/dsh-invariants@0.2.0-rc.2(@deepseek-ai/cordis@4.0.4))))(@deepseek-ai/dsh-timeout@0.2.0-rc.2(@deepseek-ai/cordis@4.0.4))
      '@deepseek-ai/dsh-session-projection': 0.2.0-rc.2(@deepseek-ai/cordis@4.0.4)(@deepseek-ai/dsh-session@0.2.0-rc.2(@deepseek-ai/cordis@4.0.4)(@deepseek-ai/dsh-scope@0.2.0-rc.2(@deepseek-ai/cordis@4.0.4)(@deepseek-ai/dsh-invariants@0.2.0-rc.2(@deepseek-ai/cordis@4.0.4))))
      '@deepseek-ai/dsh-system-prompt': 0.2.0-rc.2(@deepseek-ai/cordis@4.0.4)(@deepseek-ai/dsh-invariants@0.2.0-rc.2(@deepseek-ai/cordis@4.0.4))(@deepseek-ai/dsh-llm@0.2.0-rc.2(@deepseek-ai/cordis@4.0.4))(@deepseek-ai/dsh-scope@0.2.0-rc.2(@deepseek-ai/cordis@4.0.4)(@deepseek-ai/dsh-invariants@0.2.0-rc.2(@deepseek-ai/cordis@4.0.4)))
      '@deepseek-ai/dsh-tools': 0.2.0-rc.2(c6e351a6a6cfd1c2a664558bffcd410d)
      '@deepseek-ai/dsh-util-values': 0.2.0-rc.2(@deepseek-ai/cordis@4.0.4)
      '@deepseek-ai/schemastery': 3.18.4
      zod: 4.6.5

  '@deepseek-ai/dsh-agent@0.2.0-rc.2(b872d4d836bb263e5b3a50782f98c977)':
    dependencies:
      '@deepseek-ai/cordis': 4.0.4
      '@deepseek-ai/dsh-invariants': 0.2.0-rc.2(@deepseek-ai/cordis@4.0.4)
      '@deepseek-ai/dsh-llm': 0.2.0-rc.2(@deepseek-ai/cordis@4.0.4)
      '@deepseek-ai/dsh-scope': 0.2.0-rc.2(@deepseek-ai/cordis@4.0.4)(@deepseek-ai/dsh-invariants@0.2.0-rc.2(@deepseek-ai/cordis@4.0.4))
      '@deepseek-ai/dsh-session': 0.2.0-rc.2(@deepseek-ai/cordis@4.0.4)(@deepseek-ai/dsh-scope@0.2.0-rc.2(@deepseek-ai/cordis@4.0.4)(@deepseek-ai/dsh-invariants@0.2.0-rc.2(@deepseek-ai/cordis@4.0.4)))
      '@deepseek-ai/dsh-session-projection': 0.2.0-rc.2(@deepseek-ai/cordis@4.0.4)(@deepseek-ai/dsh-session@0.2.0-rc.2(@deepseek-ai/cordis@4.0.4)(@deepseek-ai/dsh-scope@0.2.0-rc.2(@deepseek-ai/cordis@4.0.4)(@deepseek-ai/dsh-invariants@0.2.0-rc.2(@deepseek-ai/cordis@4.0.4))))
      '@deepseek-ai/dsh-system-prompt': 0.2.0-rc.2(@deepseek-ai/cordis@4.0.4)(@deepseek-ai/dsh-invariants@0.2.0-rc.2(@deepseek-ai/cordis@4.0.4))(@deepseek-ai/dsh-llm@0.2.0-rc.2(@deepseek-ai/cordis@4.0.4))(@deepseek-ai/dsh-scope@0.2.0-rc.2(@deepseek-ai/cordis@4.0.4)(@deepseek-ai/dsh-invariants@0.2.0-rc.2(@deepseek-ai/cordis@4.0.4)))
      '@deepseek-ai/dsh-typert-protocol': 0.2.0-rc.2(@deepseek-ai/cordis@4.0.4)
      '@deepseek-ai/dsh-util-values': 0.2.0-rc.2(@deepseek-ai/cordis@4.0.4)

  '@deepseek-ai/dsh-brand@0.2.0-rc.2(@deepseek-ai/cordis@4.0.4)':
    dependencies:
      '@deepseek-ai/cordis': 4.0.4

  '@deepseek-ai/dsh-invariants@0.2.0-rc.2(@deepseek-ai/cordis@4.0.4)':
    dependencies:
      '@deepseek-ai/cordis': 4.0.4
      '@deepseek-ai/schemastery': 3.18.4

  '@deepseek-ai/dsh-llm@0.2.0-rc.2(@deepseek-ai/cordis@4.0.4)':
    dependencies:
      '@deepseek-ai/cordis': 4.0.4
      '@deepseek-ai/dsh-brand': 0.2.0-rc.2(@deepseek-ai/cordis@4.0.4)
      '@deepseek-ai/dsh-timeout': 0.2.0-rc.2(@deepseek-ai/cordis@4.0.4)
      '@deepseek-ai/dsh-typert-protocol': 0.2.0-rc.2(@deepseek-ai/cordis@4.0.4)
      '@deepseek-ai/dsh-util-crypto': 0.2.0-rc.2(@deepseek-ai/cordis@4.0.4)
      '@deepseek-ai/dsh-util-values': 0.2.0-rc.2(@deepseek-ai/cordis@4.0.4)
      '@deepseek-ai/schemastery': 3.18.4
      zod: 4.6.5

  '@deepseek-ai/dsh-ptc-runtime@0.2.0-rc.2(@deepseek-ai/cordis@4.0.4)(@deepseek-ai/dsh-sandbox@0.2.0-rc.2(@deepseek-ai/cordis@4.0.4)(@deepseek-ai/dsh-llm@0.2.0-rc.2(@deepseek-ai/cordis@4.0.4))(@deepseek-ai/dsh-session@0.2.0-rc.2(@deepseek-ai/cordis@4.0.4)(@deepseek-ai/dsh-scope@0.2.0-rc.2(@deepseek-ai/cordis@4.0.4)(@deepseek-ai/dsh-invariants@0.2.0-rc.2(@deepseek-ai/cordis@4.0.4)))))':
    dependencies:
      '@deepseek-ai/cordis': 4.0.4
      '@deepseek-ai/dsh-sandbox': 0.2.0-rc.2(@deepseek-ai/cordis@4.0.4)(@deepseek-ai/dsh-llm@0.2.0-rc.2(@deepseek-ai/cordis@4.0.4))(@deepseek-ai/dsh-session@0.2.0-rc.2(@deepseek-ai/cordis@4.0.4)(@deepseek-ai/dsh-scope@0.2.0-rc.2(@deepseek-ai/cordis@4.0.4)(@deepseek-ai/dsh-invariants@0.2.0-rc.2(@deepseek-ai/cordis@4.0.4))))

  '@deepseek-ai/dsh-sandbox-policy@0.2.0-rc.2(86f6fd7d6eb5d5ef0468bcbf88da8d4d)':
    dependencies:
      '@deepseek-ai/cordis': 4.0.4
      '@deepseek-ai/dsh-agent': 0.2.0-rc.2(b872d4d836bb263e5b3a50782f98c977)
      '@deepseek-ai/dsh-invariants': 0.2.0-rc.2(@deepseek-ai/cordis@4.0.4)
      '@deepseek-ai/dsh-sandbox': 0.2.0-rc.2(@deepseek-ai/cordis@4.0.4)(@deepseek-ai/dsh-llm@0.2.0-rc.2(@deepseek-ai/cordis@4.0.4))(@deepseek-ai/dsh-session@0.2.0-rc.2(@deepseek-ai/cordis@4.0.4)(@deepseek-ai/dsh-scope@0.2.0-rc.2(@deepseek-ai/cordis@4.0.4)(@deepseek-ai/dsh-invariants@0.2.0-rc.2(@deepseek-ai/cordis@4.0.4))))
      '@deepseek-ai/dsh-session': 0.2.0-rc.2(@deepseek-ai/cordis@4.0.4)(@deepseek-ai/dsh-scope@0.2.0-rc.2(@deepseek-ai/cordis@4.0.4)(@deepseek-ai/dsh-invariants@0.2.0-rc.2(@deepseek-ai/cordis@4.0.4)))
      '@deepseek-ai/dsh-session-projection': 0.2.0-rc.2(@deepseek-ai/cordis@4.0.4)(@deepseek-ai/dsh-session@0.2.0-rc.2(@deepseek-ai/cordis@4.0.4)(@deepseek-ai/dsh-scope@0.2.0-rc.2(@deepseek-ai/cordis@4.0.4)(@deepseek-ai/dsh-invariants@0.2.0-rc.2(@deepseek-ai/cordis@4.0.4))))
      '@deepseek-ai/dsh-system-prompt': 0.2.0-rc.2(@deepseek-ai/cordis@4.0.4)(@deepseek-ai/dsh-invariants@0.2.0-rc.2(@deepseek-ai/cordis@4.0.4))(@deepseek-ai/dsh-llm@0.2.0-rc.2(@deepseek-ai/cordis@4.0.4))(@deepseek-ai/dsh-scope@0.2.0-rc.2(@deepseek-ai/cordis@4.0.4)(@deepseek-ai/dsh-invariants@0.2.0-rc.2(@deepseek-ai/cordis@4.0.4)))
      '@deepseek-ai/schemastery': 3.18.4
      zod: 4.6.5

  '@deepseek-ai/dsh-sandbox@0.2.0-rc.2(@deepseek-ai/cordis@4.0.4)(@deepseek-ai/dsh-llm@0.2.0-rc.2(@deepseek-ai/cordis@4.0.4))(@deepseek-ai/dsh-session@0.2.0-rc.2(@deepseek-ai/cordis@4.0.4)(@deepseek-ai/dsh-scope@0.2.0-rc.2(@deepseek-ai/cordis@4.0.4)(@deepseek-ai/dsh-invariants@0.2.0-rc.2(@deepseek-ai/cordis@4.0.4))))':
    dependencies:
      '@deepseek-ai/cordis': 4.0.4
      '@deepseek-ai/dsh-llm': 0.2.0-rc.2(@deepseek-ai/cordis@4.0.4)
      '@deepseek-ai/dsh-session': 0.2.0-rc.2(@deepseek-ai/cordis@4.0.4)(@deepseek-ai/dsh-scope@0.2.0-rc.2(@deepseek-ai/cordis@4.0.4)(@deepseek-ai/dsh-invariants@0.2.0-rc.2(@deepseek-ai/cordis@4.0.4)))
      '@deepseek-ai/dsh-util-values': 0.2.0-rc.2(@deepseek-ai/cordis@4.0.4)

  '@deepseek-ai/dsh-scope@0.2.0-rc.2(@deepseek-ai/cordis@4.0.4)(@deepseek-ai/dsh-invariants@0.2.0-rc.2(@deepseek-ai/cordis@4.0.4))':
    dependencies:
      '@deepseek-ai/cordis': 4.0.4
      '@deepseek-ai/dsh-invariants': 0.2.0-rc.2(@deepseek-ai/cordis@4.0.4)

  '@deepseek-ai/dsh-session-persistence@0.2.0-rc.2(@deepseek-ai/cordis@4.0.4)(@deepseek-ai/dsh-brand@0.2.0-rc.2(@deepseek-ai/cordis@4.0.4))(@deepseek-ai/dsh-session@0.2.0-rc.2(@deepseek-ai/cordis@4.0.4)(@deepseek-ai/dsh-scope@0.2.0-rc.2(@deepseek-ai/cordis@4.0.4)(@deepseek-ai/dsh-invariants@0.2.0-rc.2(@deepseek-ai/cordis@4.0.4))))(@deepseek-ai/dsh-timeout@0.2.0-rc.2(@deepseek-ai/cordis@4.0.4))':
    dependencies:
      '@deepseek-ai/cordis': 4.0.4
      '@deepseek-ai/dsh-brand': 0.2.0-rc.2(@deepseek-ai/cordis@4.0.4)
      '@deepseek-ai/dsh-session': 0.2.0-rc.2(@deepseek-ai/cordis@4.0.4)(@deepseek-ai/dsh-scope@0.2.0-rc.2(@deepseek-ai/cordis@4.0.4)(@deepseek-ai/dsh-invariants@0.2.0-rc.2(@deepseek-ai/cordis@4.0.4)))
      '@deepseek-ai/dsh-timeout': 0.2.0-rc.2(@deepseek-ai/cordis@4.0.4)
      '@deepseek-ai/dsh-util-values': 0.2.0-rc.2(@deepseek-ai/cordis@4.0.4)

  '@deepseek-ai/dsh-session-projection@0.2.0-rc.2(@deepseek-ai/cordis@4.0.4)(@deepseek-ai/dsh-session@0.2.0-rc.2(@deepseek-ai/cordis@4.0.4)(@deepseek-ai/dsh-scope@0.2.0-rc.2(@deepseek-ai/cordis@4.0.4)(@deepseek-ai/dsh-invariants@0.2.0-rc.2(@deepseek-ai/cordis@4.0.4))))':
    dependencies:
      '@deepseek-ai/cordis': 4.0.4
      '@deepseek-ai/dsh-session': 0.2.0-rc.2(@deepseek-ai/cordis@4.0.4)(@deepseek-ai/dsh-scope@0.2.0-rc.2(@deepseek-ai/cordis@4.0.4)(@deepseek-ai/dsh-invariants@0.2.0-rc.2(@deepseek-ai/cordis@4.0.4)))
      zod: 4.6.5

  '@deepseek-ai/dsh-session@0.2.0-rc.2(@deepseek-ai/cordis@4.0.4)(@deepseek-ai/dsh-scope@0.2.0-rc.2(@deepseek-ai/cordis@4.0.4)(@deepseek-ai/dsh-invariants@0.2.0-rc.2(@deepseek-ai/cordis@4.0.4)))':
    dependencies:
      '@deepseek-ai/cordis': 4.0.4
      '@deepseek-ai/dsh-brand': 0.2.0-rc.2(@deepseek-ai/cordis@4.0.4)
      '@deepseek-ai/dsh-llm': 0.2.0-rc.2(@deepseek-ai/cordis@4.0.4)
      '@deepseek-ai/dsh-scope': 0.2.0-rc.2(@deepseek-ai/cordis@4.0.4)(@deepseek-ai/dsh-invariants@0.2.0-rc.2(@deepseek-ai/cordis@4.0.4))
      '@deepseek-ai/dsh-util-values': 0.2.0-rc.2(@deepseek-ai/cordis@4.0.4)

  '@deepseek-ai/dsh-system-prompt@0.2.0-rc.2(@deepseek-ai/cordis@4.0.4)(@deepseek-ai/dsh-invariants@0.2.0-rc.2(@deepseek-ai/cordis@4.0.4))(@deepseek-ai/dsh-llm@0.2.0-rc.2(@deepseek-ai/cordis@4.0.4))(@deepseek-ai/dsh-scope@0.2.0-rc.2(@deepseek-ai/cordis@4.0.4)(@deepseek-ai/dsh-invariants@0.2.0-rc.2(@deepseek-ai/cordis@4.0.4)))':
    dependencies:
      '@deepseek-ai/cordis': 4.0.4
      '@deepseek-ai/dsh-invariants': 0.2.0-rc.2(@deepseek-ai/cordis@4.0.4)
      '@deepseek-ai/dsh-llm': 0.2.0-rc.2(@deepseek-ai/cordis@4.0.4)
      '@deepseek-ai/dsh-scope': 0.2.0-rc.2(@deepseek-ai/cordis@4.0.4)(@deepseek-ai/dsh-invariants@0.2.0-rc.2(@deepseek-ai/cordis@4.0.4))
      '@deepseek-ai/schemastery': 3.18.4

  '@deepseek-ai/dsh-timeout@0.2.0-rc.2(@deepseek-ai/cordis@4.0.4)':
    dependencies:
      '@deepseek-ai/cordis': 4.0.4

  '@deepseek-ai/dsh-tools@0.2.0-rc.2(c6e351a6a6cfd1c2a664558bffcd410d)':
    dependencies:
      '@deepseek-ai/cordis': 4.0.4
      '@deepseek-ai/dsh-agent': 0.2.0-rc.2(b872d4d836bb263e5b3a50782f98c977)
      '@deepseek-ai/dsh-brand': 0.2.0-rc.2(@deepseek-ai/cordis@4.0.4)
      '@deepseek-ai/dsh-invariants': 0.2.0-rc.2(@deepseek-ai/cordis@4.0.4)
      '@deepseek-ai/dsh-llm': 0.2.0-rc.2(@deepseek-ai/cordis@4.0.4)
      '@deepseek-ai/dsh-ptc-runtime': 0.2.0-rc.2(@deepseek-ai/cordis@4.0.4)(@deepseek-ai/dsh-sandbox@0.2.0-rc.2(@deepseek-ai/cordis@4.0.4)(@deepseek-ai/dsh-llm@0.2.0-rc.2(@deepseek-ai/cordis@4.0.4))(@deepseek-ai/dsh-session@0.2.0-rc.2(@deepseek-ai/cordis@4.0.4)(@deepseek-ai/dsh-scope@0.2.0-rc.2(@deepseek-ai/cordis@4.0.4)(@deepseek-ai/dsh-invariants@0.2.0-rc.2(@deepseek-ai/cordis@4.0.4)))))
      '@deepseek-ai/dsh-sandbox': 0.2.0-rc.2(@deepseek-ai/cordis@4.0.4)(@deepseek-ai/dsh-llm@0.2.0-rc.2(@deepseek-ai/cordis@4.0.4))(@deepseek-ai/dsh-session@0.2.0-rc.2(@deepseek-ai/cordis@4.0.4)(@deepseek-ai/dsh-scope@0.2.0-rc.2(@deepseek-ai/cordis@4.0.4)(@deepseek-ai/dsh-invariants@0.2.0-rc.2(@deepseek-ai/cordis@4.0.4))))
      '@deepseek-ai/dsh-sandbox-policy': 0.2.0-rc.2(86f6fd7d6eb5d5ef0468bcbf88da8d4d)
      '@deepseek-ai/dsh-scope': 0.2.0-rc.2(@deepseek-ai/cordis@4.0.4)(@deepseek-ai/dsh-invariants@0.2.0-rc.2(@deepseek-ai/cordis@4.0.4))
      '@deepseek-ai/dsh-session': 0.2.0-rc.2(@deepseek-ai/cordis@4.0.4)(@deepseek-ai/dsh-scope@0.2.0-rc.2(@deepseek-ai/cordis@4.0.4)(@deepseek-ai/dsh-invariants@0.2.0-rc.2(@deepseek-ai/cordis@4.0.4)))
      '@deepseek-ai/dsh-system-prompt': 0.2.0-rc.2(@deepseek-ai/cordis@4.0.4)(@deepseek-ai/dsh-invariants@0.2.0-rc.2(@deepseek-ai/cordis@4.0.4))(@deepseek-ai/dsh-llm@0.2.0-rc.2(@deepseek-ai/cordis@4.0.4))(@deepseek-ai/dsh-scope@0.2.0-rc.2(@deepseek-ai/cordis@4.0.4)(@deepseek-ai/dsh-invariants@0.2.0-rc.2(@deepseek-ai/cordis@4.0.4)))
      '@deepseek-ai/dsh-user-approval': 0.2.0-rc.2(@deepseek-ai/cordis@4.0.4)(@deepseek-ai/dsh-agent@0.2.0-rc.2(b872d4d836bb263e5b3a50782f98c977))(@deepseek-ai/dsh-brand@0.2.0-rc.2(@deepseek-ai/cordis@4.0.4))(@deepseek-ai/dsh-invariants@0.2.0-rc.2(@deepseek-ai/cordis@4.0.4))(@deepseek-ai/dsh-llm@0.2.0-rc.2(@deepseek-ai/cordis@4.0.4))(@deepseek-ai/dsh-scope@0.2.0-rc.2(@deepseek-ai/cordis@4.0.4)(@deepseek-ai/dsh-invariants@0.2.0-rc.2(@deepseek-ai/cordis@4.0.4)))(@deepseek-ai/dsh-session@0.2.0-rc.2(@deepseek-ai/cordis@4.0.4)(@deepseek-ai/dsh-scope@0.2.0-rc.2(@deepseek-ai/cordis@4.0.4)(@deepseek-ai/dsh-invariants@0.2.0-rc.2(@deepseek-ai/cordis@4.0.4))))(@deepseek-ai/dsh-system-prompt@0.2.0-rc.2(@deepseek-ai/cordis@4.0.4)(@deepseek-ai/dsh-invariants@0.2.0-rc.2(@deepseek-ai/cordis@4.0.4))(@deepseek-ai/dsh-llm@0.2.0-rc.2(@deepseek-ai/cordis@4.0.4))(@deepseek-ai/dsh-scope@0.2.0-rc.2(@deepseek-ai/cordis@4.0.4)(@deepseek-ai/dsh-invariants@0.2.0-rc.2(@deepseek-ai/cordis@4.0.4))))
      '@deepseek-ai/dsh-util-values': 0.2.0-rc.2(@deepseek-ai/cordis@4.0.4)
      '@deepseek-ai/schemastery': 3.18.4

  '@deepseek-ai/dsh-typert-protocol@0.2.0-rc.2(@deepseek-ai/cordis@4.0.4)':
    dependencies:
      '@deepseek-ai/cordis': 4.0.4
      '@deepseek-ai/dsh-brand': 0.2.0-rc.2(@deepseek-ai/cordis@4.0.4)

  '@deepseek-ai/dsh-user-approval@0.2.0-rc.2(@deepseek-ai/cordis@4.0.4)(@deepseek-ai/dsh-agent@0.2.0-rc.2(b872d4d836bb263e5b3a50782f98c977))(@deepseek-ai/dsh-brand@0.2.0-rc.2(@deepseek-ai/cordis@4.0.4))(@deepseek-ai/dsh-invariants@0.2.0-rc.2(@deepseek-ai/cordis@4.0.4))(@deepseek-ai/dsh-llm@0.2.0-rc.2(@deepseek-ai/cordis@4.0.4))(@deepseek-ai/dsh-scope@0.2.0-rc.2(@deepseek-ai/cordis@4.0.4)(@deepseek-ai/dsh-invariants@0.2.0-rc.2(@deepseek-ai/cordis@4.0.4)))(@deepseek-ai/dsh-session@0.2.0-rc.2(@deepseek-ai/cordis@4.0.4)(@deepseek-ai/dsh-scope@0.2.0-rc.2(@deepseek-ai/cordis@4.0.4)(@deepseek-ai/dsh-invariants@0.2.0-rc.2(@deepseek-ai/cordis@4.0.4))))(@deepseek-ai/dsh-system-prompt@0.2.0-rc.2(@deepseek-ai/cordis@4.0.4)(@deepseek-ai/dsh-invariants@0.2.0-rc.2(@deepseek-ai/cordis@4.0.4))(@deepseek-ai/dsh-llm@0.2.0-rc.2(@deepseek-ai/cordis@4.0.4))(@deepseek-ai/dsh-scope@0.2.0-rc.2(@deepseek-ai/cordis@4.0.4)(@deepseek-ai/dsh-invariants@0.2.0-rc.2(@deepseek-ai/cordis@4.0.4))))':
    dependencies:
      '@deepseek-ai/cordis': 4.0.4
      '@deepseek-ai/dsh-agent': 0.2.0-rc.2(b872d4d836bb263e5b3a50782f98c977)
      '@deepseek-ai/dsh-brand': 0.2.0-rc.2(@deepseek-ai/cordis@4.0.4)
      '@deepseek-ai/dsh-invariants': 0.2.0-rc.2(@deepseek-ai/cordis@4.0.4)
      '@deepseek-ai/dsh-llm': 0.2.0-rc.2(@deepseek-ai/cordis@4.0.4)
      '@deepseek-ai/dsh-scope': 0.2.0-rc.2(@deepseek-ai/cordis@4.0.4)(@deepseek-ai/dsh-invariants@0.2.0-rc.2(@deepseek-ai/cordis@4.0.4))
      '@deepseek-ai/dsh-session': 0.2.0-rc.2(@deepseek-ai/cordis@4.0.4)(@deepseek-ai/dsh-scope@0.2.0-rc.2(@deepseek-ai/cordis@4.0.4)(@deepseek-ai/dsh-invariants@0.2.0-rc.2(@deepseek-ai/cordis@4.0.4)))
      '@deepseek-ai/dsh-system-prompt': 0.2.0-rc.2(@deepseek-ai/cordis@4.0.4)(@deepseek-ai/dsh-invariants@0.2.0-rc.2(@deepseek-ai/cordis@4.0.4))(@deepseek-ai/dsh-llm@0.2.0-rc.2(@deepseek-ai/cordis@4.0.4))(@deepseek-ai/dsh-scope@0.2.0-rc.2(@deepseek-ai/cordis@4.0.4)(@deepseek-ai/dsh-invariants@0.2.0-rc.2(@deepseek-ai/cordis@4.0.4)))
      '@deepseek-ai/schemastery': 3.18.4

  '@deepseek-ai/dsh-util-crypto@0.2.0-rc.2(@deepseek-ai/cordis@4.0.4)':
    dependencies:
      '@deepseek-ai/cordis': 4.0.4

  '@deepseek-ai/dsh-util-values@0.2.0-rc.2(@deepseek-ai/cordis@4.0.4)':
    dependencies:
      '@deepseek-ai/cordis': 4.0.4

  '@deepseek-ai/schemastery@3.18.4':
    dependencies:
      '@deepseek-ai/cosmokit': 1.8.5
      '@standard-schema/spec': 1.1.0

  '@esbuild/aix-ppc64@0.28.2':
    optional: true

  '@esbuild/android-arm64@0.28.2':
    optional: true

  '@esbuild/android-arm@0.28.2':
    optional: true

  '@esbuild/android-x64@0.28.2':
    optional: true

  '@esbuild/darwin-arm64@0.28.2':
    optional: true

  '@esbuild/darwin-x64@0.28.2':
    optional: true

  '@esbuild/freebsd-arm64@0.28.2':
    optional: true

  '@esbuild/freebsd-x64@0.28.2':
    optional: true

  '@esbuild/linux-arm64@0.28.2':
    optional: true

  '@esbuild/linux-arm@0.28.2':
    optional: true

  '@esbuild/linux-ia32@0.28.2':
    optional: true

  '@esbuild/linux-loong64@0.28.2':
    optional: true

  '@esbuild/linux-mips64el@0.28.2':
    optional: true

  '@esbuild/linux-ppc64@0.28.2':
    optional: true

  '@esbuild/linux-riscv64@0.28.2':
    optional: true

  '@esbuild/linux-s390x@0.28.2':
    optional: true

  '@esbuild/linux-x64@0.28.2':
    optional: true

  '@esbuild/netbsd-arm64@0.28.2':
    optional: true

  '@esbuild/netbsd-x64@0.28.2':
    optional: true

  '@esbuild/openbsd-arm64@0.28.2':
    optional: true

  '@esbuild/openbsd-x64@0.28.2':
    optional: true

  '@esbuild/openharmony-arm64@0.28.2':
    optional: true

  '@esbuild/sunos-x64@0.28.2':
    optional: true

  '@esbuild/win32-arm64@0.28.2':
    optional: true

  '@esbuild/win32-ia32@0.28.2':
    optional: true

  '@esbuild/win32-x64@0.28.2':
    optional: true

  '@standard-schema/spec@1.1.0': {}

  '@types/node@24.19.0':
    dependencies:
      undici-types: 7.24.6

  canonicalize@2.1.0: {}

  esbuild@0.28.2:
    optionalDependencies:
      '@esbuild/aix-ppc64': 0.28.2
      '@esbuild/android-arm': 0.28.2
      '@esbuild/android-arm64': 0.28.2
      '@esbuild/android-x64': 0.28.2
      '@esbuild/darwin-arm64': 0.28.2
      '@esbuild/darwin-x64': 0.28.2
      '@esbuild/freebsd-arm64': 0.28.2
      '@esbuild/freebsd-x64': 0.28.2
      '@esbuild/linux-arm': 0.28.2
      '@esbuild/linux-arm64': 0.28.2
      '@esbuild/linux-ia32': 0.28.2
      '@esbuild/linux-loong64': 0.28.2
      '@esbuild/linux-mips64el': 0.28.2
      '@esbuild/linux-ppc64': 0.28.2
      '@esbuild/linux-riscv64': 0.28.2
      '@esbuild/linux-s390x': 0.28.2
      '@esbuild/linux-x64': 0.28.2
      '@esbuild/netbsd-arm64': 0.28.2
      '@esbuild/netbsd-x64': 0.28.2
      '@esbuild/openbsd-arm64': 0.28.2
      '@esbuild/openbsd-x64': 0.28.2
      '@esbuild/openharmony-arm64': 0.28.2
      '@esbuild/sunos-x64': 0.28.2
      '@esbuild/win32-arm64': 0.28.2
      '@esbuild/win32-ia32': 0.28.2
      '@esbuild/win32-x64': 0.28.2

  fsevents@2.3.3:
    optional: true

  tsx@4.23.15:
    dependencies:
      esbuild: 0.28.2
    optionalDependencies:
      fsevents: 2.3.3

  typescript@5.9.3: {}

  undici-types@7.24.6: {}

  zod@4.6.5: {}
